
Microsoft Visual Studio Solution File, Format Version 12.00
Project("{FAE04EC0-301F-11D3-BF4B-00C04F79EFBC}") = "ServiceConnector.Web", "ServiceConnector.Web\ServiceConnector.Web.csproj", "{FDB6D7CE-040A-498F-A523-DA46109B024B}"
EndProject
Project("{FAE04EC0-301F-11D3-BF4B-00C04F79EFBC}") = "ServiceConnector.TypeBuilder", "ServiceConnector.TypeBuilder\ServiceConnector.TypeBuilder.csproj", "{261A9938-E294-4A2F-93D6-D0561F62088D}"
EndProject
Project("{FAE04EC0-301F-11D3-BF4B-00C04F79EFBC}") = "ServiceConnector.Jobs", "ServiceConnector.Jobs\ServiceConnector.Jobs.csproj", "{5A35BFF2-7869-4DC9-826E-5AE5DF804647}"
EndProject
Project("{FAE04EC0-301F-11D3-BF4B-00C04F79EFBC}") = "ServiceConnector.Common", "ServiceConnector.Common\ServiceConnector.Common.csproj", "{FBFF7340-168B-4C92-8741-3D4C01AEBD7D}"
EndProject
Project("{FAE04EC0-301F-11D3-BF4B-00C04F79EFBC}") = "ServiceConnector.Tests", "ServiceConnector.Tests\ServiceConnector.Tests.csproj", "{75563885-1E52-4EFA-BE86-569DB9F08BE7}"
EndProject
Project("{FAE04EC0-301F-11D3-BF4B-00C04F79EFBC}") = "ServiceConnector.TestWeb", "ServiceConnector.TestWeb\ServiceConnector.TestWeb.csproj", "{77AEED55-FC8E-438A-9925-17DDD9B48D92}"
EndProject
Global
	GlobalSection(SolutionConfigurationPlatforms) = preSolution
		Debug|Any CPU = Debug|Any CPU
		Release|Any CPU = Release|Any CPU
	EndGlobalSection
	GlobalSection(ProjectConfigurationPlatforms) = postSolution
		{FDB6D7CE-040A-498F-A523-DA46109B024B}.Debug|Any CPU.ActiveCfg = Debug|Any CPU
		{FDB6D7CE-040A-498F-A523-DA46109B024B}.Debug|Any CPU.Build.0 = Debug|Any CPU
		{FDB6D7CE-040A-498F-A523-DA46109B024B}.Release|Any CPU.ActiveCfg = Release|Any CPU
		{FDB6D7CE-040A-498F-A523-DA46109B024B}.Release|Any CPU.Build.0 = Release|Any CPU
		{261A9938-E294-4A2F-93D6-D0561F62088D}.Debug|Any CPU.ActiveCfg = Debug|Any CPU
		{261A9938-E294-4A2F-93D6-D0561F62088D}.Debug|Any CPU.Build.0 = Debug|Any CPU
		{261A9938-E294-4A2F-93D6-D0561F62088D}.Release|Any CPU.ActiveCfg = Release|Any CPU
		{261A9938-E294-4A2F-93D6-D0561F62088D}.Release|Any CPU.Build.0 = Release|Any CPU
		{5A35BFF2-7869-4DC9-826E-5AE5DF804647}.Debug|Any CPU.ActiveCfg = Debug|Any CPU
		{5A35BFF2-7869-4DC9-826E-5AE5DF804647}.Debug|Any CPU.Build.0 = Debug|Any CPU
		{5A35BFF2-7869-4DC9-826E-5AE5DF804647}.Release|Any CPU.ActiveCfg = Release|Any CPU
		{5A35BFF2-7869-4DC9-826E-5AE5DF804647}.Release|Any CPU.Build.0 = Release|Any CPU
		{FBFF7340-168B-4C92-8741-3D4C01AEBD7D}.Debug|Any CPU.ActiveCfg = Debug|Any CPU
		{FBFF7340-168B-4C92-8741-3D4C01AEBD7D}.Debug|Any CPU.Build.0 = Debug|Any CPU
		{FBFF7340-168B-4C92-8741-3D4C01AEBD7D}.Release|Any CPU.ActiveCfg = Release|Any CPU
		{FBFF7340-168B-4C92-8741-3D4C01AEBD7D}.Release|Any CPU.Build.0 = Release|Any CPU
		{75563885-1E52-4EFA-BE86-569DB9F08BE7}.Debug|Any CPU.ActiveCfg = Debug|Any CPU
		{75563885-1E52-4EFA-BE86-569DB9F08BE7}.Debug|Any CPU.Build.0 = Debug|Any CPU
		{75563885-1E52-4EFA-BE86-569DB9F08BE7}.Release|Any CPU.ActiveCfg = Release|Any CPU
		{75563885-1E52-4EFA-BE86-569DB9F08BE7}.Release|Any CPU.Build.0 = Release|Any CPU
		{77AEED55-FC8E-438A-9925-17DDD9B48D92}.Debug|Any CPU.ActiveCfg = Debug|Any CPU
		{77AEED55-FC8E-438A-9925-17DDD9B48D92}.Debug|Any CPU.Build.0 = Debug|Any CPU
		{77AEED55-FC8E-438A-9925-17DDD9B48D92}.Release|Any CPU.ActiveCfg = Release|Any CPU
		{77AEED55-FC8E-438A-9925-17DDD9B48D92}.Release|Any CPU.Build.0 = Release|Any CPU
	EndGlobalSection
EndGlobal
